
Microsoft Visual Studio Solution File, Format Version 12.00
# Visual Studio Version 16
VisualStudioVersion = 16.0.31613.86
MinimumVisualStudioVersion = 10.0.40219.1
Project("{9A19103F-16F7-4668-BE54-9A1E7A4F7556}") = "Conditionals", "Conditionals\Conditionals.csproj", "{7D56DE82-6141-4A95-8C35-D647725D547E}"
EndProject
Project("{9A19103F-16F7-4668-BE54-9A1E7A4F7556}") = "Loops1", "Loops1\Loops1.csproj", "{6247B179-19CD-4FBE-96BA-17278C5A2578}"
EndProject
Project("{9A19103F-16F7-4668-BE54-9A1E7A4F7556}") = "Loops2", "Loops2\Loops2.csproj", "{0040608F-F198-44E9-A000-CE19C4D318E2}"
EndProject
Project("{FAE04EC0-301F-11D3-BF4B-00C04F79EFBC}") = "Methods", "Methods\Methods.csproj", "{91DB33A6-0A47-417D-9838-26E75B9279F8}"
EndProject
Project("{FAE04EC0-301F-11D3-BF4B-00C04F79EFBC}") = "Arrays1", "Arrays1\Arrays1.csproj", "{7235AC99-5BB9-47E5-BECE-F0E87B94F795}"
EndProject
Global
	GlobalSection(SolutionConfigurationPlatforms) = preSolution
		Debug|Any CPU = Debug|Any CPU
		Release|Any CPU = Release|Any CPU
	EndGlobalSection
	GlobalSection(ProjectConfigurationPlatforms) = postSolution
		{7D56DE82-6141-4A95-8C35-D647725D547E}.Debug|Any CPU.ActiveCfg = Debug|Any CPU
		{7D56DE82-6141-4A95-8C35-D647725D547E}.Debug|Any CPU.Build.0 = Debug|Any CPU
		{7D56DE82-6141-4A95-8C35-D647725D547E}.Release|Any CPU.ActiveCfg = Release|Any CPU
		{7D56DE82-6141-4A95-8C35-D647725D547E}.Release|Any CPU.Build.0 = Release|Any CPU
		{6247B179-19CD-4FBE-96BA-17278C5A2578}.Debug|Any CPU.ActiveCfg = Debug|Any CPU
		{6247B179-19CD-4FBE-96BA-17278C5A2578}.Debug|Any CPU.Build.0 = Debug|Any CPU
		{6247B179-19CD-4FBE-96BA-17278C5A2578}.Release|Any CPU.ActiveCfg = Release|Any CPU
		{6247B179-19CD-4FBE-96BA-17278C5A2578}.Release|Any CPU.Build.0 = Release|Any CPU
		{0040608F-F198-44E9-A000-CE19C4D318E2}.Debug|Any CPU.ActiveCfg = Debug|Any CPU
		{0040608F-F198-44E9-A000-CE19C4D318E2}.Debug|Any CPU.Build.0 = Debug|Any CPU
		{0040608F-F198-44E9-A000-CE19C4D318E2}.Release|Any CPU.ActiveCfg = Release|Any CPU
		{0040608F-F198-44E9-A000-CE19C4D318E2}.Release|Any CPU.Build.0 = Release|Any CPU
		{91DB33A6-0A47-417D-9838-26E75B9279F8}.Debug|Any CPU.ActiveCfg = Debug|Any CPU
		{91DB33A6-0A47-417D-9838-26E75B9279F8}.Debug|Any CPU.Build.0 = Debug|Any CPU
		{91DB33A6-0A47-417D-9838-26E75B9279F8}.Release|Any CPU.ActiveCfg = Release|Any CPU
		{91DB33A6-0A47-417D-9838-26E75B9279F8}.Release|Any CPU.Build.0 = Release|Any CPU
		{7235AC99-5BB9-47E5-BECE-F0E87B94F795}.Debug|Any CPU.ActiveCfg = Debug|Any CPU
		{7235AC99-5BB9-47E5-BECE-F0E87B94F795}.Debug|Any CPU.Build.0 = Debug|Any CPU
		{7235AC99-5BB9-47E5-BECE-F0E87B94F795}.Release|Any CPU.ActiveCfg = Release|Any CPU
		{7235AC99-5BB9-47E5-BECE-F0E87B94F795}.Release|Any CPU.Build.0 = Release|Any CPU
	EndGlobalSection
	GlobalSection(SolutionProperties) = preSolution
		HideSolutionNode = FALSE
	EndGlobalSection
	GlobalSection(ExtensibilityGlobals) = postSolution
		SolutionGuid = {B8926B35-B205-4E2B-AC82-AD62B59F6434}
	EndGlobalSection
EndGlobal
