
Microsoft Visual Studio Solution File, Format Version 12.00
# Visual Studio Version 16
VisualStudioVersion = 16.0.31613.86
MinimumVisualStudioVersion = 10.0.40219.1
Project("{FAE04EC0-301F-11D3-BF4B-00C04F79EFBC}") = "Conditionals", "Conditionals\Conditionals.csproj", "{7D56DE82-6141-4A95-8C35-D647725D547E}"
EndProject
Global
	GlobalSection(SolutionConfigurationPlatforms) = preSolution
		Debug|Any CPU = Debug|Any CPU
		Release|Any CPU = Release|Any CPU
	EndGlobalSection
	GlobalSection(ProjectConfigurationPlatforms) = postSolution
		{7D56DE82-6141-4A95-8C35-D647725D547E}.Debug|Any CPU.ActiveCfg = Debug|Any CPU
		{7D56DE82-6141-4A95-8C35-D647725D547E}.Debug|Any CPU.Build.0 = Debug|Any CPU
		{7D56DE82-6141-4A95-8C35-D647725D547E}.Release|Any CPU.ActiveCfg = Release|Any CPU
		{7D56DE82-6141-4A95-8C35-D647725D547E}.Release|Any CPU.Build.0 = Release|Any CPU
	EndGlobalSection
	GlobalSection(SolutionProperties) = preSolution
		HideSolutionNode = FALSE
	EndGlobalSection
	GlobalSection(ExtensibilityGlobals) = postSolution
		SolutionGuid = {B8926B35-B205-4E2B-AC82-AD62B59F6434}
	EndGlobalSection
EndGlobal
